
Microsoft Visual Studio Solution File, Format Version 12.00
# Visual Studio Version 17
VisualStudioVersion = 17.8.34525.116
MinimumVisualStudioVersion = 10.0.40219.1
Project("{2150E333-8FDC-42A3-9474-1A3956D46DE8}") = "Solution Items", "Solution Items", "{1AF9A3E5-C34A-4DE3-8FF6-5DE4340A3F8B}"
	ProjectSection(SolutionItems) = preProject
		.gitignore = .gitignore
		readme.md = readme.md
		run-experiments-full.toml = run-experiments-full.toml
		run-experiments-pham.toml = run-experiments-pham.toml
		run-experiments-trainonly.toml = run-experiments-trainonly.toml
	EndProjectSection
EndProject
Project("{2150E333-8FDC-42A3-9474-1A3956D46DE8}") = "Dependencies", "Dependencies", "{B69FF3BF-8010-4A04-99B4-8E994E1F9392}"
	ProjectSection(SolutionItems) = preProject
		Dependencies\setup.sh = Dependencies\setup.sh
	EndProjectSection
EndProject
Project("{2150E333-8FDC-42A3-9474-1A3956D46DE8}") = "Training", "Training", "{695C7306-A45B-4F6B-AA5D-C38AAF4A7BF2}"
	ProjectSection(SolutionItems) = preProject
		Training\training-pham.sh = Training\training-pham.sh
		Training\training.sh = Training\training.sh
	EndProjectSection
EndProject
Project("{2150E333-8FDC-42A3-9474-1A3956D46DE8}") = "Testing", "Testing", "{5A87B27E-1706-48C2-822C-8B3847F43DA1}"
	ProjectSection(SolutionItems) = preProject
		Testing\testing-meta.sh = Testing\testing-meta.sh
		Testing\testing.sh = Testing\testing.sh
	EndProjectSection
EndProject
Project("{9A19103F-16F7-4668-BE54-9A1E7A4F7556}") = "FocusedMetaActions.Train", "Training\FocusedMetaActions.Train\FocusedMetaActions.Train.csproj", "{A283D523-F2BE-41B6-B16A-D1F0DF658713}"
EndProject
Project("{2150E333-8FDC-42A3-9474-1A3956D46DE8}") = "TestingSets", "TestingSets", "{346A56F2-51F9-4DF6-9F29-1E638ACBAC65}"
	ProjectSection(SolutionItems) = preProject
		Testing\TestingSets\readme.md = Testing\TestingSets\readme.md
	EndProjectSection
EndProject
Global
	GlobalSection(SolutionConfigurationPlatforms) = preSolution
		Debug|Any CPU = Debug|Any CPU
		Release|Any CPU = Release|Any CPU
	EndGlobalSection
	GlobalSection(ProjectConfigurationPlatforms) = postSolution
		{A283D523-F2BE-41B6-B16A-D1F0DF658713}.Debug|Any CPU.ActiveCfg = Debug|Any CPU
		{A283D523-F2BE-41B6-B16A-D1F0DF658713}.Debug|Any CPU.Build.0 = Debug|Any CPU
		{A283D523-F2BE-41B6-B16A-D1F0DF658713}.Release|Any CPU.ActiveCfg = Release|Any CPU
		{A283D523-F2BE-41B6-B16A-D1F0DF658713}.Release|Any CPU.Build.0 = Release|Any CPU
	EndGlobalSection
	GlobalSection(SolutionProperties) = preSolution
		HideSolutionNode = FALSE
	EndGlobalSection
	GlobalSection(NestedProjects) = preSolution
		{A283D523-F2BE-41B6-B16A-D1F0DF658713} = {695C7306-A45B-4F6B-AA5D-C38AAF4A7BF2}
		{346A56F2-51F9-4DF6-9F29-1E638ACBAC65} = {5A87B27E-1706-48C2-822C-8B3847F43DA1}
	EndGlobalSection
	GlobalSection(ExtensibilityGlobals) = postSolution
		SolutionGuid = {F4F57ED2-152E-4BA0-80FE-40B53A4E29A5}
	EndGlobalSection
EndGlobal
